// !$*UTF8*$!
{
	archiveVersion = 1;
	classes = {
	};
	objectVersion = 50;
	objects = {

/* Begin PBXBuildFile section */
		5151249F20E49B7800EFB9EF /* AppDelegate.swift in Sources */ = {isa = PBXBuildFile; fileRef = 5151249E20E49B7800EFB9EF /* AppDelegate.swift */; };
		515124A120E49B7800EFB9EF /* TravelLocationsMapViewController.swift in Sources */ = {isa = PBXBuildFile; fileRef = 515124A020E49B7800EFB9EF /* TravelLocationsMapViewController.swift */; };
		515124A420E49B7800EFB9EF /* Main.storyboard in Resources */ = {isa = PBXBuildFile; fileRef = 515124A220E49B7800EFB9EF /* Main.storyboard */; };
		515124A620E49B7900EFB9EF /* Assets.xcassets in Resources */ = {isa = PBXBuildFile; fileRef = 515124A520E49B7900EFB9EF /* Assets.xcassets */; };
		515124A920E49B7900EFB9EF /* LaunchScreen.storyboard in Resources */ = {isa = PBXBuildFile; fileRef = 515124A720E49B7900EFB9EF /* LaunchScreen.storyboard */; };
		515124B120E4A04D00EFB9EF /* PhotoAlbumViewController.swift in Sources */ = {isa = PBXBuildFile; fileRef = 515124B020E4A04D00EFB9EF /* PhotoAlbumViewController.swift */; };
		515124B620E5A5F700EFB9EF /* VTModel.swift in Sources */ = {isa = PBXBuildFile; fileRef = 515124B520E5A5F700EFB9EF /* VTModel.swift */; };
		515124B920E5B52000EFB9EF /* VirtualTourist.xcdatamodeld in Sources */ = {isa = PBXBuildFile; fileRef = 515124B720E5B52000EFB9EF /* VirtualTourist.xcdatamodeld */; };
		515124BB20E9D07000EFB9EF /* VTConvenience.swift in Sources */ = {isa = PBXBuildFile; fileRef = 515124BA20E9D07000EFB9EF /* VTConvenience.swift */; };
		515124BD20EB239400EFB9EF /* Constants.swift in Sources */ = {isa = PBXBuildFile; fileRef = 515124BC20EB239400EFB9EF /* Constants.swift */; };
		515124BF20EB34F500EFB9EF /* DataController.swift in Sources */ = {isa = PBXBuildFile; fileRef = 515124BE20EB34F500EFB9EF /* DataController.swift */; };
/* End PBXBuildFile section */

/* Begin PBXFileReference section */
		5151249B20E49B7800EFB9EF /* VirtualTourist.app */ = {isa = PBXFileReference; explicitFileType = wrapper.application; includeInIndex = 0; path = VirtualTourist.app; sourceTree = BUILT_PRODUCTS_DIR; };
		5151249E20E49B7800EFB9EF /* AppDelegate.swift */ = {isa = PBXFileReference; lastKnownFileType = sourcecode.swift; path = AppDelegate.swift; sourceTree = "<group>"; };
		515124A020E49B7800EFB9EF /* TravelLocationsMapViewController.swift */ = {isa = PBXFileReference; lastKnownFileType = sourcecode.swift; path = TravelLocationsMapViewController.swift; sourceTree = "<group>"; };
		515124A320E49B7800EFB9EF /* Base */ = {isa = PBXFileReference; lastKnownFileType = file.storyboard; name = Base; path = Base.lproj/Main.storyboard; sourceTree = "<group>"; };
		515124A520E49B7900EFB9EF /* Assets.xcassets */ = {isa = PBXFileReference; lastKnownFileType = folder.assetcatalog; path = Assets.xcassets; sourceTree = "<group>"; };
		515124A820E49B7900EFB9EF /* Base */ = {isa = PBXFileReference; lastKnownFileType = file.storyboard; name = Base; path = Base.lproj/LaunchScreen.storyboard; sourceTree = "<group>"; };
		515124AA20E49B7900EFB9EF /* Info.plist */ = {isa = PBXFileReference; lastKnownFileType = text.plist.xml; path = Info.plist; sourceTree = "<group>"; };
		515124B020E4A04D00EFB9EF /* PhotoAlbumViewController.swift */ = {isa = PBXFileReference; lastKnownFileType = sourcecode.swift; path = PhotoAlbumViewController.swift; sourceTree = "<group>"; };
		515124B520E5A5F700EFB9EF /* VTModel.swift */ = {isa = PBXFileReference; lastKnownFileType = sourcecode.swift; path = VTModel.swift; sourceTree = "<group>"; };
		515124B820E5B52000EFB9EF /* VirtualTourist.xcdatamodel */ = {isa = PBXFileReference; lastKnownFileType = wrapper.xcdatamodel; path = VirtualTourist.xcdatamodel; sourceTree = "<group>"; };
		515124BA20E9D07000EFB9EF /* VTConvenience.swift */ = {isa = PBXFileReference; lastKnownFileType = sourcecode.swift; path = VTConvenience.swift; sourceTree = "<group>"; };
		515124BC20EB239400EFB9EF /* Constants.swift */ = {isa = PBXFileReference; lastKnownFileType = sourcecode.swift; path = Constants.swift; sourceTree = "<group>"; };
		515124BE20EB34F500EFB9EF /* DataController.swift */ = {isa = PBXFileReference; lastKnownFileType = sourcecode.swift; path = DataController.swift; sourceTree = "<group>"; };
/* End PBXFileReference section */

/* Begin PBXFrameworksBuildPhase section */
		5151249820E49B7800EFB9EF /* Frameworks */ = {
			isa = PBXFrameworksBuildPhase;
			buildActionMask = 2147483647;
			files = (
			);
			runOnlyForDeploymentPostprocessing = 0;
		};
/* End PBXFrameworksBuildPhase section */

/* Begin PBXGroup section */
		5151249220E49B7800EFB9EF = {
			isa = PBXGroup;
			children = (
				5151249E20E49B7800EFB9EF /* AppDelegate.swift */,
				515124B320E5A47E00EFB9EF /* Views */,
				515124B220E5A46F00EFB9EF /* Models */,
				5151249D20E49B7800EFB9EF /* Controllers */,
				5151249C20E49B7800EFB9EF /* Products */,
			);
			sourceTree = "<group>";
		};
		5151249C20E49B7800EFB9EF /* Products */ = {
			isa = PBXGroup;
			children = (
				5151249B20E49B7800EFB9EF /* VirtualTourist.app */,
			);
			name = Products;
			sourceTree = "<group>";
		};
		5151249D20E49B7800EFB9EF /* Controllers */ = {
			isa = PBXGroup;
			children = (
				515124A020E49B7800EFB9EF /* TravelLocationsMapViewController.swift */,
				515124B020E4A04D00EFB9EF /* PhotoAlbumViewController.swift */,
				515124BE20EB34F500EFB9EF /* DataController.swift */,
				515124A220E49B7800EFB9EF /* Main.storyboard */,
				515124A520E49B7900EFB9EF /* Assets.xcassets */,
				515124A720E49B7900EFB9EF /* LaunchScreen.storyboard */,
				515124AA20E49B7900EFB9EF /* Info.plist */,
			);
			path = Controllers;
			sourceTree = "<group>";
		};
		515124B220E5A46F00EFB9EF /* Models */ = {
			isa = PBXGroup;
			children = (
				515124B520E5A5F700EFB9EF /* VTModel.swift */,
				515124B720E5B52000EFB9EF /* VirtualTourist.xcdatamodeld */,
				515124BA20E9D07000EFB9EF /* VTConvenience.swift */,
				515124BC20EB239400EFB9EF /* Constants.swift */,
			);
			path = Models;
			sourceTree = "<group>";
		};
		515124B320E5A47E00EFB9EF /* Views */ = {
			isa = PBXGroup;
			children = (
			);
			path = Views;
			sourceTree = "<group>";
		};
/* End PBXGroup section */

/* Begin PBXNativeTarget section */
		5151249A20E49B7800EFB9EF /* VirtualTourist */ = {
			isa = PBXNativeTarget;
			buildConfigurationList = 515124AD20E49B7900EFB9EF /* Build configuration list for PBXNativeTarget "VirtualTourist" */;
			buildPhases = (
				5151249720E49B7800EFB9EF /* Sources */,
				5151249820E49B7800EFB9EF /* Frameworks */,
				5151249920E49B7800EFB9EF /* Resources */,
			);
			buildRules = (
			);
			dependencies = (
			);
			name = VirtualTourist;
			productName = VirtualTourist;
			productReference = 5151249B20E49B7800EFB9EF /* VirtualTourist.app */;
			productType = "com.apple.product-type.application";
		};
/* End PBXNativeTarget section */

/* Begin PBXProject section */
		5151249320E49B7800EFB9EF /* Project object */ = {
			isa = PBXProject;
			attributes = {
				LastSwiftUpdateCheck = 0940;
				LastUpgradeCheck = 0940;
				ORGANIZATIONNAME = "John Nolan";
				TargetAttributes = {
					5151249A20E49B7800EFB9EF = {
						CreatedOnToolsVersion = 9.4.1;
					};
				};
			};
			buildConfigurationList = 5151249620E49B7800EFB9EF /* Build configuration list for PBXProject "VirtualTourist" */;
			compatibilityVersion = "Xcode 9.3";
			developmentRegion = en;
			hasScannedForEncodings = 0;
			knownRegions = (
				en,
				Base,
			);
			mainGroup = 5151249220E49B7800EFB9EF;
			productRefGroup = 5151249C20E49B7800EFB9EF /* Products */;
			projectDirPath = "";
			projectRoot = "";
			targets = (
				5151249A20E49B7800EFB9EF /* VirtualTourist */,
			);
		};
/* End PBXProject section */

/* Begin PBXResourcesBuildPhase section */
		5151249920E49B7800EFB9EF /* Resources */ = {
			isa = PBXResourcesBuildPhase;
			buildActionMask = 2147483647;
			files = (
				515124A920E49B7900EFB9EF /* LaunchScreen.storyboard in Resources */,
				515124A620E49B7900EFB9EF /* Assets.xcassets in Resources */,
				515124A420E49B7800EFB9EF /* Main.storyboard in Resources */,
			);
			runOnlyForDeploymentPostprocessing = 0;
		};
/* End PBXResourcesBuildPhase section */

/* Begin PBXSourcesBuildPhase section */
		5151249720E49B7800EFB9EF /* Sources */ = {
			isa = PBXSourcesBuildPhase;
			buildActionMask = 2147483647;
			files = (
				515124B920E5B52000EFB9EF /* VirtualTourist.xcdatamodeld in Sources */,
				515124B620E5A5F700EFB9EF /* VTModel.swift in Sources */,
				515124A120E49B7800EFB9EF /* TravelLocationsMapViewController.swift in Sources */,
				5151249F20E49B7800EFB9EF /* AppDelegate.swift in Sources */,
				515124BD20EB239400EFB9EF /* Constants.swift in Sources */,
				515124BF20EB34F500EFB9EF /* DataController.swift in Sources */,
				515124B120E4A04D00EFB9EF /* PhotoAlbumViewController.swift in Sources */,
				515124BB20E9D07000EFB9EF /* VTConvenience.swift in Sources */,
			);
			runOnlyForDeploymentPostprocessing = 0;
		};
/* End PBXSourcesBuildPhase section */

/* Begin PBXVariantGroup section */
		515124A220E49B7800EFB9EF /* Main.storyboard */ = {
			isa = PBXVariantGroup;
			children = (
				515124A320E49B7800EFB9EF /* Base */,
			);
			name = Main.storyboard;
			sourceTree = "<group>";
		};
		515124A720E49B7900EFB9EF /* LaunchScreen.storyboard */ = {
			isa = PBXVariantGroup;
			children = (
				515124A820E49B7900EFB9EF /* Base */,
			);
			name = LaunchScreen.storyboard;
			sourceTree = "<group>";
		};
/* End PBXVariantGroup section */

/* Begin XCBuildConfiguration section */
		515124AB20E49B7900EFB9EF /* Debug */ = {
			isa = XCBuildConfiguration;
			buildSettings = {
				ALWAYS_SEARCH_USER_PATHS = NO;
				CLANG_ANALYZER_NONNULL = YES;
				CLANG_ANALYZER_NUMBER_OBJECT_CONVERSION = YES_AGGRESSIVE;
				CLANG_CXX_LANGUAGE_STANDARD = "gnu++14";
				CLANG_CXX_LIBRARY = "libc++";
				CLANG_ENABLE_MODULES = YES;
				CLANG_ENABLE_OBJC_ARC = YES;
				CLANG_ENABLE_OBJC_WEAK = YES;
				CLANG_WARN_BLOCK_CAPTURE_AUTORELEASING = YES;
				CLANG_WARN_BOOL_CONVERSION = YES;
				CLANG_WARN_COMMA = YES;
				CLANG_WARN_CONSTANT_CONVERSION = YES;
				CLANG_WARN_DEPRECATED_OBJC_IMPLEMENTATIONS = YES;
				CLANG_WARN_DIRECT_OBJC_ISA_USAGE = YES_ERROR;
				CLANG_WARN_DOCUMENTATION_COMMENTS = YES;
				CLANG_WARN_EMPTY_BODY = YES;
				CLANG_WARN_ENUM_CONVERSION = YES;
				CLANG_WARN_INFINITE_RECURSION = YES;
				CLANG_WARN_INT_CONVERSION = YES;
				CLANG_WARN_NON_LITERAL_NULL_CONVERSION = YES;
				CLANG_WARN_OBJC_IMPLICIT_RETAIN_SELF = YES;
				CLANG_WARN_OBJC_LITERAL_CONVERSION = YES;
				CLANG_WARN_OBJC_ROOT_CLASS = YES_ERROR;
				CLANG_WARN_RANGE_LOOP_ANALYSIS = YES;
				CLANG_WARN_STRICT_PROTOTYPES = YES;
				CLANG_WARN_SUSPICIOUS_MOVE = YES;
				CLANG_WARN_UNGUARDED_AVAILABILITY = YES_AGGRESSIVE;
				CLANG_WARN_UNREACHABLE_CODE = YES;
				CLANG_WARN__DUPLICATE_METHOD_MATCH = YES;
				CODE_SIGN_IDENTITY = "iPhone Developer";
				COPY_PHASE_STRIP = NO;
				DEBUG_INFORMATION_FORMAT = dwarf;
				ENABLE_STRICT_OBJC_MSGSEND = YES;
				ENABLE_TESTABILITY = YES;
				GCC_C_LANGUAGE_STANDARD = gnu11;
				GCC_DYNAMIC_NO_PIC = NO;
				GCC_NO_COMMON_BLOCKS = YES;
				GCC_OPTIMIZATION_LEVEL = 0;
				GCC_PREPROCESSOR_DEFINITIONS = (
					"DEBUG=1",
					"$(inherited)",
				);
				GCC_WARN_64_TO_32_BIT_CONVERSION = YES;
				GCC_WARN_ABOUT_RETURN_TYPE = YES_ERROR;
				GCC_WARN_UNDECLARED_SELECTOR = YES;
				GCC_WARN_UNINITIALIZED_AUTOS = YES_AGGRESSIVE;
				GCC_WARN_UNUSED_FUNCTION = YES;
				GCC_WARN_UNUSED_VARIABLE = YES;
				IPHONEOS_DEPLOYMENT_TARGET = 11.4;
				MTL_ENABLE_DEBUG_INFO = YES;
				ONLY_ACTIVE_ARCH = YES;
				SDKROOT = iphoneos;
				SWIFT_ACTIVE_COMPILATION_CONDITIONS = DEBUG;
				SWIFT_OPTIMIZATION_LEVEL = "-Onone";
			};
			name = Debug;
		};
		515124AC20E49B7900EFB9EF /* Release */ = {
			isa = XCBuildConfiguration;
			buildSettings = {
				ALWAYS_SEARCH_USER_PATHS = NO;
				CLANG_ANALYZER_NONNULL = YES;
				CLANG_ANALYZER_NUMBER_OBJECT_CONVERSION = YES_AGGRESSIVE;
				CLANG_CXX_LANGUAGE_STANDARD = "gnu++14";
				CLANG_CXX_LIBRARY = "libc++";
				CLANG_ENABLE_MODULES = YES;
				CLANG_ENABLE_OBJC_ARC = YES;
				CLANG_ENABLE_OBJC_WEAK = YES;
				CLANG_WARN_BLOCK_CAPTURE_AUTORELEASING = YES;
				CLANG_WARN_BOOL_CONVERSION = YES;
				CLANG_WARN_COMMA = YES;
				CLANG_WARN_CONSTANT_CONVERSION = YES;
				CLANG_WARN_DEPRECATED_OBJC_IMPLEMENTATIONS = YES;
				CLANG_WARN_DIRECT_OBJC_ISA_USAGE = YES_ERROR;
				CLANG_WARN_DOCUMENTATION_COMMENTS = YES;
				CLANG_WARN_EMPTY_BODY = YES;
				CLANG_WARN_ENUM_CONVERSION = YES;
				CLANG_WARN_INFINITE_RECURSION = YES;
				CLANG_WARN_INT_CONVERSION = YES;
				CLANG_WARN_NON_LITERAL_NULL_CONVERSION = YES;
				CLANG_WARN_OBJC_IMPLICIT_RETAIN_SELF = YES;
				CLANG_WARN_OBJC_LITERAL_CONVERSION = YES;
				CLANG_WARN_OBJC_ROOT_CLASS = YES_ERROR;
				CLANG_WARN_RANGE_LOOP_ANALYSIS = YES;
				CLANG_WARN_STRICT_PROTOTYPES = YES;
				CLANG_WARN_SUSPICIOUS_MOVE = YES;
				CLANG_WARN_UNGUARDED_AVAILABILITY = YES_AGGRESSIVE;
				CLANG_WARN_UNREACHABLE_CODE = YES;
				CLANG_WARN__DUPLICATE_METHOD_MATCH = YES;
				CODE_SIGN_IDENTITY = "iPhone Developer";
				COPY_PHASE_STRIP = NO;
				DEBUG_INFORMATION_FORMAT = "dwarf-with-dsym";
				ENABLE_NS_ASSERTIONS = NO;
				ENABLE_STRICT_OBJC_MSGSEND = YES;
				GCC_C_LANGUAGE_STANDARD = gnu11;
				GCC_NO_COMMON_BLOCKS = YES;
				GCC_WARN_64_TO_32_BIT_CONVERSION = YES;
				GCC_WARN_ABOUT_RETURN_TYPE = YES_ERROR;
				GCC_WARN_UNDECLARED_SELECTOR = YES;
				GCC_WARN_UNINITIALIZED_AUTOS = YES_AGGRESSIVE;
				GCC_WARN_UNUSED_FUNCTION = YES;
				GCC_WARN_UNUSED_VARIABLE = YES;
				IPHONEOS_DEPLOYMENT_TARGET = 11.4;
				MTL_ENABLE_DEBUG_INFO = NO;
				SDKROOT = iphoneos;
				SWIFT_COMPILATION_MODE = wholemodule;
				SWIFT_OPTIMIZATION_LEVEL = "-O";
				VALIDATE_PRODUCT = YES;
			};
			name = Release;
		};
		515124AE20E49B7900EFB9EF /* Debug */ = {
			isa = XCBuildConfiguration;
			buildSettings = {
				ASSETCATALOG_COMPILER_APPICON_NAME = AppIcon;
				CODE_SIGN_STYLE = Automatic;
				INFOPLIST_FILE = "$(SRCROOT)/Controllers/Info.plist";
				LD_RUNPATH_SEARCH_PATHS = (
					"$(inherited)",
					"@executable_path/Frameworks",
				);
				PRODUCT_BUNDLE_IDENTIFIER = Nolan.VirtualTourist;
				PRODUCT_NAME = "$(TARGET_NAME)";
				SWIFT_VERSION = 4.0;
				TARGETED_DEVICE_FAMILY = "1,2";
			};
			name = Debug;
		};
		515124AF20E49B7900EFB9EF /* Release */ = {
			isa = XCBuildConfiguration;
			buildSettings = {
				ASSETCATALOG_COMPILER_APPICON_NAME = AppIcon;
				CODE_SIGN_STYLE = Automatic;
				INFOPLIST_FILE = "$(SRCROOT)/Controllers/Info.plist";
				LD_RUNPATH_SEARCH_PATHS = (
					"$(inherited)",
					"@executable_path/Frameworks",
				);
				PRODUCT_BUNDLE_IDENTIFIER = Nolan.VirtualTourist;
				PRODUCT_NAME = "$(TARGET_NAME)";
				SWIFT_VERSION = 4.0;
				TARGETED_DEVICE_FAMILY = "1,2";
			};
			name = Release;
		};
/* End XCBuildConfiguration section */

/* Begin XCConfigurationList section */
		5151249620E49B7800EFB9EF /* Build configuration list for PBXProject "VirtualTourist" */ = {
			isa = XCConfigurationList;
			buildConfigurations = (
				515124AB20E49B7900EFB9EF /* Debug */,
				515124AC20E49B7900EFB9EF /* Release */,
			);
			defaultConfigurationIsVisible = 0;
			defaultConfigurationName = Release;
		};
		515124AD20E49B7900EFB9EF /* Build configuration list for PBXNativeTarget "VirtualTourist" */ = {
			isa = XCConfigurationList;
			buildConfigurations = (
				515124AE20E49B7900EFB9EF /* Debug */,
				515124AF20E49B7900EFB9EF /* Release */,
			);
			defaultConfigurationIsVisible = 0;
			defaultConfigurationName = Release;
		};
/* End XCConfigurationList section */

/* Begin XCVersionGroup section */
		515124B720E5B52000EFB9EF /* VirtualTourist.xcdatamodeld */ = {
			isa = XCVersionGroup;
			children = (
				515124B820E5B52000EFB9EF /* VirtualTourist.xcdatamodel */,
			);
			currentVersion = 515124B820E5B52000EFB9EF /* VirtualTourist.xcdatamodel */;
			path = VirtualTourist.xcdatamodeld;
			sourceTree = "<group>";
			versionGroupType = wrapper.xcdatamodel;
		};
/* End XCVersionGroup section */
	};
	rootObject = 5151249320E49B7800EFB9EF /* Project object */;
}
